
Microsoft Visual Studio Solution File, Format Version 12.00
# Visual Studio Version 17
VisualStudioVersion = 17.3.32929.385
MinimumVisualStudioVersion = 10.0.40219.1
Project("{FAE04EC0-301F-11D3-BF4B-00C04F79EFBC}") = "060223_Classwork2", "060223_Classwork2.csproj", "{88BF8825-5A60-4FAD-8652-4B9BAFF8169F}"
EndProject
Global
	GlobalSection(SolutionConfigurationPlatforms) = preSolution
		Debug|Any CPU = Debug|Any CPU
		Release|Any CPU = Release|Any CPU
	EndGlobalSection
	GlobalSection(ProjectConfigurationPlatforms) = postSolution
		{88BF8825-5A60-4FAD-8652-4B9BAFF8169F}.Debug|Any CPU.ActiveCfg = Debug|Any CPU
		{88BF8825-5A60-4FAD-8652-4B9BAFF8169F}.Debug|Any CPU.Build.0 = Debug|Any CPU
		{88BF8825-5A60-4FAD-8652-4B9BAFF8169F}.Release|Any CPU.ActiveCfg = Release|Any CPU
		{88BF8825-5A60-4FAD-8652-4B9BAFF8169F}.Release|Any CPU.Build.0 = Release|Any CPU
	EndGlobalSection
	GlobalSection(SolutionProperties) = preSolution
		HideSolutionNode = FALSE
	EndGlobalSection
	GlobalSection(ExtensibilityGlobals) = postSolution
		SolutionGuid = {65444EB4-B7F9-4D0A-81FC-C6064FCBA2E0}
	EndGlobalSection
EndGlobal
