
Microsoft Visual Studio Solution File, Format Version 12.00
# Visual Studio Version 17
VisualStudioVersion = 17.3.32929.385
MinimumVisualStudioVersion = 10.0.40219.1
Project("{FAE04EC0-301F-11D3-BF4B-00C04F79EFBC}") = "090223_Classwork2", "090223_Classwork2.csproj", "{EFDF8106-9339-472A-BA11-E1BC4C5EA000}"
EndProject
Global
	GlobalSection(SolutionConfigurationPlatforms) = preSolution
		Debug|Any CPU = Debug|Any CPU
		Release|Any CPU = Release|Any CPU
	EndGlobalSection
	GlobalSection(ProjectConfigurationPlatforms) = postSolution
		{EFDF8106-9339-472A-BA11-E1BC4C5EA000}.Debug|Any CPU.ActiveCfg = Debug|Any CPU
		{EFDF8106-9339-472A-BA11-E1BC4C5EA000}.Debug|Any CPU.Build.0 = Debug|Any CPU
		{EFDF8106-9339-472A-BA11-E1BC4C5EA000}.Release|Any CPU.ActiveCfg = Release|Any CPU
		{EFDF8106-9339-472A-BA11-E1BC4C5EA000}.Release|Any CPU.Build.0 = Release|Any CPU
	EndGlobalSection
	GlobalSection(SolutionProperties) = preSolution
		HideSolutionNode = FALSE
	EndGlobalSection
	GlobalSection(ExtensibilityGlobals) = postSolution
		SolutionGuid = {6B3A6EE8-3302-415B-8392-D4E677525EF9}
	EndGlobalSection
EndGlobal
