
Microsoft Visual Studio Solution File, Format Version 12.00
# Visual Studio Version 17
VisualStudioVersion = 17.3.32929.385
MinimumVisualStudioVersion = 10.0.40219.1
Project("{FAE04EC0-301F-11D3-BF4B-00C04F79EFBC}") = "060223_Homework5", "060223_Homework5.csproj", "{60B19FAF-955C-4D05-B90F-DF4513D5FAD1}"
EndProject
Global
	GlobalSection(SolutionConfigurationPlatforms) = preSolution
		Debug|Any CPU = Debug|Any CPU
		Release|Any CPU = Release|Any CPU
	EndGlobalSection
	GlobalSection(ProjectConfigurationPlatforms) = postSolution
		{60B19FAF-955C-4D05-B90F-DF4513D5FAD1}.Debug|Any CPU.ActiveCfg = Debug|Any CPU
		{60B19FAF-955C-4D05-B90F-DF4513D5FAD1}.Debug|Any CPU.Build.0 = Debug|Any CPU
		{60B19FAF-955C-4D05-B90F-DF4513D5FAD1}.Release|Any CPU.ActiveCfg = Release|Any CPU
		{60B19FAF-955C-4D05-B90F-DF4513D5FAD1}.Release|Any CPU.Build.0 = Release|Any CPU
	EndGlobalSection
	GlobalSection(SolutionProperties) = preSolution
		HideSolutionNode = FALSE
	EndGlobalSection
	GlobalSection(ExtensibilityGlobals) = postSolution
		SolutionGuid = {FFA5DEC7-9A7F-45EC-B493-4BD72D702014}
	EndGlobalSection
EndGlobal
