
Microsoft Visual Studio Solution File, Format Version 12.00
# Visual Studio Version 17
VisualStudioVersion = 17.3.32929.385
MinimumVisualStudioVersion = 10.0.40219.1
Project("{FAE04EC0-301F-11D3-BF4B-00C04F79EFBC}") = "020223_Homework5", "020223_Homework5.csproj", "{9AC10069-8019-47A9-B5C3-36C4F58B9C27}"
EndProject
Global
	GlobalSection(SolutionConfigurationPlatforms) = preSolution
		Debug|Any CPU = Debug|Any CPU
		Release|Any CPU = Release|Any CPU
	EndGlobalSection
	GlobalSection(ProjectConfigurationPlatforms) = postSolution
		{9AC10069-8019-47A9-B5C3-36C4F58B9C27}.Debug|Any CPU.ActiveCfg = Debug|Any CPU
		{9AC10069-8019-47A9-B5C3-36C4F58B9C27}.Debug|Any CPU.Build.0 = Debug|Any CPU
		{9AC10069-8019-47A9-B5C3-36C4F58B9C27}.Release|Any CPU.ActiveCfg = Release|Any CPU
		{9AC10069-8019-47A9-B5C3-36C4F58B9C27}.Release|Any CPU.Build.0 = Release|Any CPU
	EndGlobalSection
	GlobalSection(SolutionProperties) = preSolution
		HideSolutionNode = FALSE
	EndGlobalSection
	GlobalSection(ExtensibilityGlobals) = postSolution
		SolutionGuid = {0416429C-FB27-4299-BF5D-792F3A3A2A41}
	EndGlobalSection
EndGlobal
