
Microsoft Visual Studio Solution File, Format Version 12.00
# Visual Studio Version 17
VisualStudioVersion = 17.3.32929.385
MinimumVisualStudioVersion = 10.0.40219.1
Project("{FAE04EC0-301F-11D3-BF4B-00C04F79EFBC}") = "ConsoleApp3", "ConsoleApp3.csproj", "{4D994C89-72D8-4CA2-B038-D136231DEF8A}"
EndProject
Global
	GlobalSection(SolutionConfigurationPlatforms) = preSolution
		Debug|Any CPU = Debug|Any CPU
		Release|Any CPU = Release|Any CPU
	EndGlobalSection
	GlobalSection(ProjectConfigurationPlatforms) = postSolution
		{4D994C89-72D8-4CA2-B038-D136231DEF8A}.Debug|Any CPU.ActiveCfg = Debug|Any CPU
		{4D994C89-72D8-4CA2-B038-D136231DEF8A}.Debug|Any CPU.Build.0 = Debug|Any CPU
		{4D994C89-72D8-4CA2-B038-D136231DEF8A}.Release|Any CPU.ActiveCfg = Release|Any CPU
		{4D994C89-72D8-4CA2-B038-D136231DEF8A}.Release|Any CPU.Build.0 = Release|Any CPU
	EndGlobalSection
	GlobalSection(SolutionProperties) = preSolution
		HideSolutionNode = FALSE
	EndGlobalSection
	GlobalSection(ExtensibilityGlobals) = postSolution
		SolutionGuid = {3149807B-80B2-465A-8400-2FC06DD1B60C}
	EndGlobalSection
EndGlobal
