
Microsoft Visual Studio Solution File, Format Version 12.00
# Visual Studio Version 17
VisualStudioVersion = 17.3.32929.385
MinimumVisualStudioVersion = 10.0.40219.1
Project("{FAE04EC0-301F-11D3-BF4B-00C04F79EFBC}") = "060223_Homework6", "060223_Homework6.csproj", "{65C6258B-DE44-48CD-B64E-1E91D1C16042}"
EndProject
Global
	GlobalSection(SolutionConfigurationPlatforms) = preSolution
		Debug|Any CPU = Debug|Any CPU
		Release|Any CPU = Release|Any CPU
	EndGlobalSection
	GlobalSection(ProjectConfigurationPlatforms) = postSolution
		{65C6258B-DE44-48CD-B64E-1E91D1C16042}.Debug|Any CPU.ActiveCfg = Debug|Any CPU
		{65C6258B-DE44-48CD-B64E-1E91D1C16042}.Debug|Any CPU.Build.0 = Debug|Any CPU
		{65C6258B-DE44-48CD-B64E-1E91D1C16042}.Release|Any CPU.ActiveCfg = Release|Any CPU
		{65C6258B-DE44-48CD-B64E-1E91D1C16042}.Release|Any CPU.Build.0 = Release|Any CPU
	EndGlobalSection
	GlobalSection(SolutionProperties) = preSolution
		HideSolutionNode = FALSE
	EndGlobalSection
	GlobalSection(ExtensibilityGlobals) = postSolution
		SolutionGuid = {B9BB681A-BD77-4CBE-A15E-D55918D64B83}
	EndGlobalSection
EndGlobal
