
Microsoft Visual Studio Solution File, Format Version 12.00
# Visual Studio Version 17
VisualStudioVersion = 17.3.32929.385
MinimumVisualStudioVersion = 10.0.40219.1
Project("{FAE04EC0-301F-11D3-BF4B-00C04F79EFBC}") = "060223_Homework4", "060223_Homework4.csproj", "{60D54E9A-9A86-489D-9C2F-61106DE389FD}"
EndProject
Global
	GlobalSection(SolutionConfigurationPlatforms) = preSolution
		Debug|Any CPU = Debug|Any CPU
		Release|Any CPU = Release|Any CPU
	EndGlobalSection
	GlobalSection(ProjectConfigurationPlatforms) = postSolution
		{60D54E9A-9A86-489D-9C2F-61106DE389FD}.Debug|Any CPU.ActiveCfg = Debug|Any CPU
		{60D54E9A-9A86-489D-9C2F-61106DE389FD}.Debug|Any CPU.Build.0 = Debug|Any CPU
		{60D54E9A-9A86-489D-9C2F-61106DE389FD}.Release|Any CPU.ActiveCfg = Release|Any CPU
		{60D54E9A-9A86-489D-9C2F-61106DE389FD}.Release|Any CPU.Build.0 = Release|Any CPU
	EndGlobalSection
	GlobalSection(SolutionProperties) = preSolution
		HideSolutionNode = FALSE
	EndGlobalSection
	GlobalSection(ExtensibilityGlobals) = postSolution
		SolutionGuid = {B1546C41-B301-412E-988A-AE5A4A642625}
	EndGlobalSection
EndGlobal
