
Microsoft Visual Studio Solution File, Format Version 12.00
# Visual Studio Version 17
VisualStudioVersion = 17.3.32929.385
MinimumVisualStudioVersion = 10.0.40219.1
Project("{FAE04EC0-301F-11D3-BF4B-00C04F79EFBC}") = "kietAssignment1", "kietAssignment1.csproj", "{8253CE8E-6724-49C4-8C48-16612D475786}"
EndProject
Global
	GlobalSection(SolutionConfigurationPlatforms) = preSolution
		Debug|Any CPU = Debug|Any CPU
		Release|Any CPU = Release|Any CPU
	EndGlobalSection
	GlobalSection(ProjectConfigurationPlatforms) = postSolution
		{8253CE8E-6724-49C4-8C48-16612D475786}.Debug|Any CPU.ActiveCfg = Debug|Any CPU
		{8253CE8E-6724-49C4-8C48-16612D475786}.Debug|Any CPU.Build.0 = Debug|Any CPU
		{8253CE8E-6724-49C4-8C48-16612D475786}.Release|Any CPU.ActiveCfg = Release|Any CPU
		{8253CE8E-6724-49C4-8C48-16612D475786}.Release|Any CPU.Build.0 = Release|Any CPU
	EndGlobalSection
	GlobalSection(SolutionProperties) = preSolution
		HideSolutionNode = FALSE
	EndGlobalSection
	GlobalSection(ExtensibilityGlobals) = postSolution
		SolutionGuid = {EC141D0F-7B19-4066-AE68-89626A03977B}
	EndGlobalSection
EndGlobal
