
Microsoft Visual Studio Solution File, Format Version 12.00
# Visual Studio Version 17
VisualStudioVersion = 17.3.32929.385
MinimumVisualStudioVersion = 10.0.40219.1
Project("{FAE04EC0-301F-11D3-BF4B-00C04F79EFBC}") = "160223_Classwork1", "160223_Classwork1.csproj", "{A214D65A-FE2B-4F19-A0D2-94AD37C5765D}"
EndProject
Global
	GlobalSection(SolutionConfigurationPlatforms) = preSolution
		Debug|Any CPU = Debug|Any CPU
		Release|Any CPU = Release|Any CPU
	EndGlobalSection
	GlobalSection(ProjectConfigurationPlatforms) = postSolution
		{A214D65A-FE2B-4F19-A0D2-94AD37C5765D}.Debug|Any CPU.ActiveCfg = Debug|Any CPU
		{A214D65A-FE2B-4F19-A0D2-94AD37C5765D}.Debug|Any CPU.Build.0 = Debug|Any CPU
		{A214D65A-FE2B-4F19-A0D2-94AD37C5765D}.Release|Any CPU.ActiveCfg = Release|Any CPU
		{A214D65A-FE2B-4F19-A0D2-94AD37C5765D}.Release|Any CPU.Build.0 = Release|Any CPU
	EndGlobalSection
	GlobalSection(SolutionProperties) = preSolution
		HideSolutionNode = FALSE
	EndGlobalSection
	GlobalSection(ExtensibilityGlobals) = postSolution
		SolutionGuid = {1A95ABCB-F82D-43CC-9EAE-F3CE5AA9E5DE}
	EndGlobalSection
EndGlobal
