
Microsoft Visual Studio Solution File, Format Version 12.00
# Visual Studio Version 17
VisualStudioVersion = 17.3.32929.385
MinimumVisualStudioVersion = 10.0.40219.1
Project("{FAE04EC0-301F-11D3-BF4B-00C04F79EFBC}") = "Classwork2", "Classwork2.csproj", "{1FE6E5D9-EF4F-4118-842A-07B712BB3DEF}"
EndProject
Global
	GlobalSection(SolutionConfigurationPlatforms) = preSolution
		Debug|Any CPU = Debug|Any CPU
		Release|Any CPU = Release|Any CPU
	EndGlobalSection
	GlobalSection(ProjectConfigurationPlatforms) = postSolution
		{1FE6E5D9-EF4F-4118-842A-07B712BB3DEF}.Debug|Any CPU.ActiveCfg = Debug|Any CPU
		{1FE6E5D9-EF4F-4118-842A-07B712BB3DEF}.Debug|Any CPU.Build.0 = Debug|Any CPU
		{1FE6E5D9-EF4F-4118-842A-07B712BB3DEF}.Release|Any CPU.ActiveCfg = Release|Any CPU
		{1FE6E5D9-EF4F-4118-842A-07B712BB3DEF}.Release|Any CPU.Build.0 = Release|Any CPU
	EndGlobalSection
	GlobalSection(SolutionProperties) = preSolution
		HideSolutionNode = FALSE
	EndGlobalSection
	GlobalSection(ExtensibilityGlobals) = postSolution
		SolutionGuid = {7F90CBDD-0F68-4245-AA42-84A741A5E5C1}
	EndGlobalSection
EndGlobal
