
Microsoft Visual Studio Solution File, Format Version 12.00
# Visual Studio Version 17
VisualStudioVersion = 17.3.32929.385
MinimumVisualStudioVersion = 10.0.40219.1
Project("{FAE04EC0-301F-11D3-BF4B-00C04F79EFBC}") = "020223_Homework2", "020223_Homework2.csproj", "{59087692-9891-443A-88DB-B97277742A11}"
EndProject
Global
	GlobalSection(SolutionConfigurationPlatforms) = preSolution
		Debug|Any CPU = Debug|Any CPU
		Release|Any CPU = Release|Any CPU
	EndGlobalSection
	GlobalSection(ProjectConfigurationPlatforms) = postSolution
		{59087692-9891-443A-88DB-B97277742A11}.Debug|Any CPU.ActiveCfg = Debug|Any CPU
		{59087692-9891-443A-88DB-B97277742A11}.Debug|Any CPU.Build.0 = Debug|Any CPU
		{59087692-9891-443A-88DB-B97277742A11}.Release|Any CPU.ActiveCfg = Release|Any CPU
		{59087692-9891-443A-88DB-B97277742A11}.Release|Any CPU.Build.0 = Release|Any CPU
	EndGlobalSection
	GlobalSection(SolutionProperties) = preSolution
		HideSolutionNode = FALSE
	EndGlobalSection
	GlobalSection(ExtensibilityGlobals) = postSolution
		SolutionGuid = {E8864FD8-ED9C-4D10-AE6D-1CB51539ABB6}
	EndGlobalSection
EndGlobal
