
Microsoft Visual Studio Solution File, Format Version 12.00
# Visual Studio Version 17
VisualStudioVersion = 17.3.32929.385
MinimumVisualStudioVersion = 10.0.40219.1
Project("{FAE04EC0-301F-11D3-BF4B-00C04F79EFBC}") = "020223_Homework1", "020223_Homework1.csproj", "{FF30B318-D607-49A8-8391-D6A3CBB00FC2}"
EndProject
Global
	GlobalSection(SolutionConfigurationPlatforms) = preSolution
		Debug|Any CPU = Debug|Any CPU
		Release|Any CPU = Release|Any CPU
	EndGlobalSection
	GlobalSection(ProjectConfigurationPlatforms) = postSolution
		{FF30B318-D607-49A8-8391-D6A3CBB00FC2}.Debug|Any CPU.ActiveCfg = Debug|Any CPU
		{FF30B318-D607-49A8-8391-D6A3CBB00FC2}.Debug|Any CPU.Build.0 = Debug|Any CPU
		{FF30B318-D607-49A8-8391-D6A3CBB00FC2}.Release|Any CPU.ActiveCfg = Release|Any CPU
		{FF30B318-D607-49A8-8391-D6A3CBB00FC2}.Release|Any CPU.Build.0 = Release|Any CPU
	EndGlobalSection
	GlobalSection(SolutionProperties) = preSolution
		HideSolutionNode = FALSE
	EndGlobalSection
	GlobalSection(ExtensibilityGlobals) = postSolution
		SolutionGuid = {B22B8E28-A162-4D91-9CEE-A8D444B221F3}
	EndGlobalSection
EndGlobal
