
Microsoft Visual Studio Solution File, Format Version 12.00
# Visual Studio Version 17
VisualStudioVersion = 17.3.32929.385
MinimumVisualStudioVersion = 10.0.40219.1
Project("{FAE04EC0-301F-11D3-BF4B-00C04F79EFBC}") = "060223_Homework3", "060223_Homework3.csproj", "{84670B62-AB9E-4C9A-B8CE-B18A9D911CB8}"
EndProject
Global
	GlobalSection(SolutionConfigurationPlatforms) = preSolution
		Debug|Any CPU = Debug|Any CPU
		Release|Any CPU = Release|Any CPU
	EndGlobalSection
	GlobalSection(ProjectConfigurationPlatforms) = postSolution
		{84670B62-AB9E-4C9A-B8CE-B18A9D911CB8}.Debug|Any CPU.ActiveCfg = Debug|Any CPU
		{84670B62-AB9E-4C9A-B8CE-B18A9D911CB8}.Debug|Any CPU.Build.0 = Debug|Any CPU
		{84670B62-AB9E-4C9A-B8CE-B18A9D911CB8}.Release|Any CPU.ActiveCfg = Release|Any CPU
		{84670B62-AB9E-4C9A-B8CE-B18A9D911CB8}.Release|Any CPU.Build.0 = Release|Any CPU
	EndGlobalSection
	GlobalSection(SolutionProperties) = preSolution
		HideSolutionNode = FALSE
	EndGlobalSection
	GlobalSection(ExtensibilityGlobals) = postSolution
		SolutionGuid = {1029AB4C-DA1C-4872-A9E9-17CB77CFCBA9}
	EndGlobalSection
EndGlobal
