
Microsoft Visual Studio Solution File, Format Version 12.00
# Visual Studio Version 17
VisualStudioVersion = 17.3.32929.385
MinimumVisualStudioVersion = 10.0.40219.1
Project("{FAE04EC0-301F-11D3-BF4B-00C04F79EFBC}") = "Classwork3", "Classwork3.csproj", "{AF21B8D9-C1CD-4C87-887B-4E0B17D893EC}"
EndProject
Global
	GlobalSection(SolutionConfigurationPlatforms) = preSolution
		Debug|Any CPU = Debug|Any CPU
		Release|Any CPU = Release|Any CPU
	EndGlobalSection
	GlobalSection(ProjectConfigurationPlatforms) = postSolution
		{AF21B8D9-C1CD-4C87-887B-4E0B17D893EC}.Debug|Any CPU.ActiveCfg = Debug|Any CPU
		{AF21B8D9-C1CD-4C87-887B-4E0B17D893EC}.Debug|Any CPU.Build.0 = Debug|Any CPU
		{AF21B8D9-C1CD-4C87-887B-4E0B17D893EC}.Release|Any CPU.ActiveCfg = Release|Any CPU
		{AF21B8D9-C1CD-4C87-887B-4E0B17D893EC}.Release|Any CPU.Build.0 = Release|Any CPU
	EndGlobalSection
	GlobalSection(SolutionProperties) = preSolution
		HideSolutionNode = FALSE
	EndGlobalSection
	GlobalSection(ExtensibilityGlobals) = postSolution
		SolutionGuid = {77B2192C-46B1-4C98-8CA1-49D9251699CF}
	EndGlobalSection
EndGlobal
