
Microsoft Visual Studio Solution File, Format Version 12.00
# Visual Studio Version 17
VisualStudioVersion = 17.3.32929.385
MinimumVisualStudioVersion = 10.0.40219.1
Project("{FAE04EC0-301F-11D3-BF4B-00C04F79EFBC}") = "020223_Homework3", "020223_Homework3.csproj", "{F288D2D4-A67B-4088-88AD-07980FB3FAF0}"
EndProject
Global
	GlobalSection(SolutionConfigurationPlatforms) = preSolution
		Debug|Any CPU = Debug|Any CPU
		Release|Any CPU = Release|Any CPU
	EndGlobalSection
	GlobalSection(ProjectConfigurationPlatforms) = postSolution
		{F288D2D4-A67B-4088-88AD-07980FB3FAF0}.Debug|Any CPU.ActiveCfg = Debug|Any CPU
		{F288D2D4-A67B-4088-88AD-07980FB3FAF0}.Debug|Any CPU.Build.0 = Debug|Any CPU
		{F288D2D4-A67B-4088-88AD-07980FB3FAF0}.Release|Any CPU.ActiveCfg = Release|Any CPU
		{F288D2D4-A67B-4088-88AD-07980FB3FAF0}.Release|Any CPU.Build.0 = Release|Any CPU
	EndGlobalSection
	GlobalSection(SolutionProperties) = preSolution
		HideSolutionNode = FALSE
	EndGlobalSection
	GlobalSection(ExtensibilityGlobals) = postSolution
		SolutionGuid = {09A3DF81-6A86-4954-87C1-7CC4D3A60DD9}
	EndGlobalSection
EndGlobal
